
Microsoft Visual Studio Solution File, Format Version 12.00
# Visual Studio 15
Project("{FAE04EC0-301F-11D3-BF4B-00C04F79EFBC}") = "Oculus.Platform", "Oculus.Platform.csproj", "{53D42221-11C5-2056-58E7-47CA39BDB6E7}"
EndProject
Project("{FAE04EC0-301F-11D3-BF4B-00C04F79EFBC}") = "Assembly-CSharp", "Assembly-CSharp.csproj", "{AB519E54-9B27-6693-0C17-1466EE3E23DB}"
EndProject
Project("{FAE04EC0-301F-11D3-BF4B-00C04F79EFBC}") = "Meta.WitAi", "Meta.WitAi.csproj", "{BC5446E9-D85C-BE77-4538-F63DD4441BF7}"
EndProject
Project("{FAE04EC0-301F-11D3-BF4B-00C04F79EFBC}") = "Oculus.Spatializer", "Oculus.Spatializer.csproj", "{3B5F230B-75DF-3311-A26E-73803E5174B6}"
EndProject
Project("{FAE04EC0-301F-11D3-BF4B-00C04F79EFBC}") = "Oculus.Interaction", "Oculus.Interaction.csproj", "{39444B4F-3481-719F-0B36-3505D2857A1A}"
EndProject
Project("{FAE04EC0-301F-11D3-BF4B-00C04F79EFBC}") = "Oculus.Interaction.OVR.Samples", "Oculus.Interaction.OVR.Samples.csproj", "{D25A9379-8C7D-6222-324A-057ADE80B798}"
EndProject
Project("{FAE04EC0-301F-11D3-BF4B-00C04F79EFBC}") = "Oculus.VR", "Oculus.VR.csproj", "{469ABA53-A85C-8D65-ED42-54BBD57F2048}"
EndProject
Project("{FAE04EC0-301F-11D3-BF4B-00C04F79EFBC}") = "VoiceSDK.Dictation.Runtime", "VoiceSDK.Dictation.Runtime.csproj", "{2BDF2070-399F-A2F6-5EF1-61E104EE1536}"
EndProject
Project("{FAE04EC0-301F-11D3-BF4B-00C04F79EFBC}") = "Meta.WitAi.TTS", "Meta.WitAi.TTS.csproj", "{9590BDE3-5994-B7E7-6774-1D4B0107843E}"
EndProject
Project("{FAE04EC0-301F-11D3-BF4B-00C04F79EFBC}") = "Meta.WitAi.Lib", "Meta.WitAi.Lib.csproj", "{24064045-B512-A78E-58FA-D3078184B648}"
EndProject
Project("{FAE04EC0-301F-11D3-BF4B-00C04F79EFBC}") = "Oculus.AudioManager", "Oculus.AudioManager.csproj", "{B5D37CF3-A640-0665-3C3D-AA1B90470F8A}"
EndProject
Project("{FAE04EC0-301F-11D3-BF4B-00C04F79EFBC}") = "Meta.Voice.Hub.Runtime", "Meta.Voice.Hub.Runtime.csproj", "{C6378FC0-C885-364C-55B6-D48E22F3FF6B}"
EndProject
Project("{FAE04EC0-301F-11D3-BF4B-00C04F79EFBC}") = "VoiceSDK.Runtime", "VoiceSDK.Runtime.csproj", "{CED6866E-6530-AB99-DB99-F0994FDB506F}"
EndProject
Project("{FAE04EC0-301F-11D3-BF4B-00C04F79EFBC}") = "Facebook.Wit.Dictation", "Facebook.Wit.Dictation.csproj", "{368256B9-2EEC-CD6A-4199-046342F48587}"
EndProject
Project("{FAE04EC0-301F-11D3-BF4B-00C04F79EFBC}") = "Meta.WitAi.TTS.Samples", "Meta.WitAi.TTS.Samples.csproj", "{CAEA876B-1058-D28B-6C63-B530D1237819}"
EndProject
Project("{FAE04EC0-301F-11D3-BF4B-00C04F79EFBC}") = "Oculus.Voice.Demo", "Oculus.Voice.Demo.csproj", "{2F27AA3F-7B03-7A2B-DCB4-FDA707172F07}"
EndProject
Project("{FAE04EC0-301F-11D3-BF4B-00C04F79EFBC}") = "Oculus.Interaction.OVR", "Oculus.Interaction.OVR.csproj", "{658E28C9-BE5D-D0DB-E15E-ECD089999B14}"
EndProject
Project("{FAE04EC0-301F-11D3-BF4B-00C04F79EFBC}") = "AssistantCoreSDKRuntime", "AssistantCoreSDKRuntime.csproj", "{4C9B86AE-31D0-0D11-6BB8-15FA7EABD068}"
EndProject
Project("{FAE04EC0-301F-11D3-BF4B-00C04F79EFBC}") = "Meta.WitAi.Conduit", "Meta.WitAi.Conduit.csproj", "{FC51551D-FBC3-821C-4FF7-C085466DB8AF}"
EndProject
Project("{FAE04EC0-301F-11D3-BF4B-00C04F79EFBC}") = "Oculus.LipSync", "Oculus.LipSync.csproj", "{5104E773-AE81-6FF2-7970-D87EFEDEE5B4}"
EndProject
Project("{FAE04EC0-301F-11D3-BF4B-00C04F79EFBC}") = "Meta.VoiceSDK.Mic.Other", "Meta.VoiceSDK.Mic.Other.csproj", "{2424B62A-023F-C58A-BC24-490218521523}"
EndProject
Project("{FAE04EC0-301F-11D3-BF4B-00C04F79EFBC}") = "Meta.VoiceSDK.Mic.Common", "Meta.VoiceSDK.Mic.Common.csproj", "{B20C1759-F292-B494-F08C-B406DBD48794}"
EndProject
Project("{FAE04EC0-301F-11D3-BF4B-00C04F79EFBC}") = "Meta.VoiceSDK.Mic.WebGL", "Meta.VoiceSDK.Mic.WebGL.csproj", "{3FB57217-BAB2-20F3-74FA-B8609D736B01}"
EndProject
Project("{FAE04EC0-301F-11D3-BF4B-00C04F79EFBC}") = "Meta.WitAi.Editor", "Meta.WitAi.Editor.csproj", "{96115EB5-8D3B-EE3F-36F8-82D17F280CEE}"
EndProject
Project("{FAE04EC0-301F-11D3-BF4B-00C04F79EFBC}") = "Oculus.Interaction.Editor", "Oculus.Interaction.Editor.csproj", "{9D235D7A-0635-24DA-2550-F56D16FF78B3}"
EndProject
Project("{FAE04EC0-301F-11D3-BF4B-00C04F79EFBC}") = "Meta.Voice.Hub.Editor", "Meta.Voice.Hub.Editor.csproj", "{4CC710BD-3019-668A-F7AB-137934C006A6}"
EndProject
Project("{FAE04EC0-301F-11D3-BF4B-00C04F79EFBC}") = "Meta.WitAI.Lib.Editor", "Meta.WitAI.Lib.Editor.csproj", "{E1E2EBB9-F1C4-776C-E74A-2EF5225BD656}"
EndProject
Project("{FAE04EC0-301F-11D3-BF4B-00C04F79EFBC}") = "Oculus.VR.Editor", "Oculus.VR.Editor.csproj", "{26138404-2DDF-8006-EC65-D7ECEA2622CC}"
EndProject
Project("{FAE04EC0-301F-11D3-BF4B-00C04F79EFBC}") = "Meta.WitAi.Conduit.Editor", "Meta.WitAi.Conduit.Editor.csproj", "{CBE45167-5616-82B6-9C6E-EF019744344C}"
EndProject
Project("{FAE04EC0-301F-11D3-BF4B-00C04F79EFBC}") = "Oculus.Interaction.OVR.Editor", "Oculus.Interaction.OVR.Editor.csproj", "{AFBA8953-F3BA-60E0-B7F0-E55219FF67DC}"
EndProject
Project("{FAE04EC0-301F-11D3-BF4B-00C04F79EFBC}") = "Assembly-CSharp-Editor", "Assembly-CSharp-Editor.csproj", "{3C8A7DB2-AC9B-F364-2F44-BB0B0A6C5914}"
EndProject
Project("{FAE04EC0-301F-11D3-BF4B-00C04F79EFBC}") = "Oculus.Interaction.Samples.Editor", "Oculus.Interaction.Samples.Editor.csproj", "{0AE4D75E-BBD8-27ED-2B5C-B73C883EC56D}"
EndProject
Project("{FAE04EC0-301F-11D3-BF4B-00C04F79EFBC}") = "Oculus.VR.Scripts.Editor", "Oculus.VR.Scripts.Editor.csproj", "{5742E9BC-7B30-BCE5-6365-6F708478C304}"
EndProject
Project("{FAE04EC0-301F-11D3-BF4B-00C04F79EFBC}") = "VoiceSDK.Editor", "VoiceSDK.Editor.csproj", "{DFD8A22A-4102-1F52-C067-436DE473A3DB}"
EndProject
Project("{FAE04EC0-301F-11D3-BF4B-00C04F79EFBC}") = "Oculus.Spatializer.Editor", "Oculus.Spatializer.Editor.csproj", "{3E65EA12-4246-463A-76B8-CC30586BB322}"
EndProject
Project("{FAE04EC0-301F-11D3-BF4B-00C04F79EFBC}") = "Meta.WitAi.TTS.Editor", "Meta.WitAi.TTS.Editor.csproj", "{730B64DB-1103-102F-5F7F-58BF890AE85B}"
EndProject
Project("{FAE04EC0-301F-11D3-BF4B-00C04F79EFBC}") = "Facebook.Wit.Dictation.Editor", "Facebook.Wit.Dictation.Editor.csproj", "{98B16748-9A94-844F-5E00-FDB595DFFEF5}"
EndProject
Project("{FAE04EC0-301F-11D3-BF4B-00C04F79EFBC}") = "Oculus.Platform.Editor", "Oculus.Platform.Editor.csproj", "{BD60A345-EB68-1D30-84BF-D46766A6E066}"
EndProject
Project("{FAE04EC0-301F-11D3-BF4B-00C04F79EFBC}") = "VoiceSDK.Dictation.Editor", "VoiceSDK.Dictation.Editor.csproj", "{608717F6-1603-3DD7-686E-79242F007DE8}"
EndProject
Project("{FAE04EC0-301F-11D3-BF4B-00C04F79EFBC}") = "Oculus.AudioManager.Audio.Editor", "Oculus.AudioManager.Audio.Editor.csproj", "{B21D62A2-FBBD-9E9B-A7E5-8F4D16DDD236}"
EndProject
Project("{FAE04EC0-301F-11D3-BF4B-00C04F79EFBC}") = "Oculus.Interaction.InterfaceSupport", "Oculus.Interaction.InterfaceSupport.csproj", "{D7E4CBF0-CAE4-93DA-74B7-9DF7852FE46B}"
EndProject
Project("{FAE04EC0-301F-11D3-BF4B-00C04F79EFBC}") = "Oculus.LipSync.Editor", "Oculus.LipSync.Editor.csproj", "{D0EB6311-D2C9-B7D5-2A7F-935E4D5CBFFD}"
EndProject
Project("{FAE04EC0-301F-11D3-BF4B-00C04F79EFBC}") = "Meta.Voice.VSDKHub.Editor", "Meta.Voice.VSDKHub.Editor.csproj", "{4B3DECC9-A3A9-0C84-670F-729AFFF41AF4}"
EndProject
Project("{FAE04EC0-301F-11D3-BF4B-00C04F79EFBC}") = "AssistantCoreSDKEditor", "AssistantCoreSDKEditor.csproj", "{CE9FF30D-4EE7-FDC7-9360-D91DBFC702A8}"
EndProject
Project("{FAE04EC0-301F-11D3-BF4B-00C04F79EFBC}") = "Oculus.AudioManager.Utils.Editor", "Oculus.AudioManager.Utils.Editor.csproj", "{D8FD4C7F-0484-1E16-456A-2214F3884F62}"
EndProject
Global
	GlobalSection(SolutionConfigurationPlatforms) = preSolution
		Debug|Any CPU = Debug|Any CPU
		Release|Any CPU = Release|Any CPU
	EndGlobalSection
	GlobalSection(ProjectConfigurationPlatforms) = postSolution
		{53D42221-11C5-2056-58E7-47CA39BDB6E7}.Debug|Any CPU.ActiveCfg = Debug|Any CPU
		{53D42221-11C5-2056-58E7-47CA39BDB6E7}.Debug|Any CPU.Build.0 = Debug|Any CPU
		{53D42221-11C5-2056-58E7-47CA39BDB6E7}.Release|Any CPU.ActiveCfg = Release|Any CPU
		{53D42221-11C5-2056-58E7-47CA39BDB6E7}.Release|Any CPU.Build.0 = Release|Any CPU
		{AB519E54-9B27-6693-0C17-1466EE3E23DB}.Debug|Any CPU.ActiveCfg = Debug|Any CPU
		{AB519E54-9B27-6693-0C17-1466EE3E23DB}.Debug|Any CPU.Build.0 = Debug|Any CPU
		{AB519E54-9B27-6693-0C17-1466EE3E23DB}.Release|Any CPU.ActiveCfg = Release|Any CPU
		{AB519E54-9B27-6693-0C17-1466EE3E23DB}.Release|Any CPU.Build.0 = Release|Any CPU
		{BC5446E9-D85C-BE77-4538-F63DD4441BF7}.Debug|Any CPU.ActiveCfg = Debug|Any CPU
		{BC5446E9-D85C-BE77-4538-F63DD4441BF7}.Debug|Any CPU.Build.0 = Debug|Any CPU
		{BC5446E9-D85C-BE77-4538-F63DD4441BF7}.Release|Any CPU.ActiveCfg = Release|Any CPU
		{BC5446E9-D85C-BE77-4538-F63DD4441BF7}.Release|Any CPU.Build.0 = Release|Any CPU
		{3B5F230B-75DF-3311-A26E-73803E5174B6}.Debug|Any CPU.ActiveCfg = Debug|Any CPU
		{3B5F230B-75DF-3311-A26E-73803E5174B6}.Debug|Any CPU.Build.0 = Debug|Any CPU
		{3B5F230B-75DF-3311-A26E-73803E5174B6}.Release|Any CPU.ActiveCfg = Release|Any CPU
		{3B5F230B-75DF-3311-A26E-73803E5174B6}.Release|Any CPU.Build.0 = Release|Any CPU
		{39444B4F-3481-719F-0B36-3505D2857A1A}.Debug|Any CPU.ActiveCfg = Debug|Any CPU
		{39444B4F-3481-719F-0B36-3505D2857A1A}.Debug|Any CPU.Build.0 = Debug|Any CPU
		{39444B4F-3481-719F-0B36-3505D2857A1A}.Release|Any CPU.ActiveCfg = Release|Any CPU
		{39444B4F-3481-719F-0B36-3505D2857A1A}.Release|Any CPU.Build.0 = Release|Any CPU
		{D25A9379-8C7D-6222-324A-057ADE80B798}.Debug|Any CPU.ActiveCfg = Debug|Any CPU
		{D25A9379-8C7D-6222-324A-057ADE80B798}.Debug|Any CPU.Build.0 = Debug|Any CPU
		{D25A9379-8C7D-6222-324A-057ADE80B798}.Release|Any CPU.ActiveCfg = Release|Any CPU
		{D25A9379-8C7D-6222-324A-057ADE80B798}.Release|Any CPU.Build.0 = Release|Any CPU
		{469ABA53-A85C-8D65-ED42-54BBD57F2048}.Debug|Any CPU.ActiveCfg = Debug|Any CPU
		{469ABA53-A85C-8D65-ED42-54BBD57F2048}.Debug|Any CPU.Build.0 = Debug|Any CPU
		{469ABA53-A85C-8D65-ED42-54BBD57F2048}.Release|Any CPU.ActiveCfg = Release|Any CPU
		{469ABA53-A85C-8D65-ED42-54BBD57F2048}.Release|Any CPU.Build.0 = Release|Any CPU
		{2BDF2070-399F-A2F6-5EF1-61E104EE1536}.Debug|Any CPU.ActiveCfg = Debug|Any CPU
		{2BDF2070-399F-A2F6-5EF1-61E104EE1536}.Debug|Any CPU.Build.0 = Debug|Any CPU
		{2BDF2070-399F-A2F6-5EF1-61E104EE1536}.Release|Any CPU.ActiveCfg = Release|Any CPU
		{2BDF2070-399F-A2F6-5EF1-61E104EE1536}.Release|Any CPU.Build.0 = Release|Any CPU
		{9590BDE3-5994-B7E7-6774-1D4B0107843E}.Debug|Any CPU.ActiveCfg = Debug|Any CPU
		{9590BDE3-5994-B7E7-6774-1D4B0107843E}.Debug|Any CPU.Build.0 = Debug|Any CPU
		{9590BDE3-5994-B7E7-6774-1D4B0107843E}.Release|Any CPU.ActiveCfg = Release|Any CPU
		{9590BDE3-5994-B7E7-6774-1D4B0107843E}.Release|Any CPU.Build.0 = Release|Any CPU
		{24064045-B512-A78E-58FA-D3078184B648}.Debug|Any CPU.ActiveCfg = Debug|Any CPU
		{24064045-B512-A78E-58FA-D3078184B648}.Debug|Any CPU.Build.0 = Debug|Any CPU
		{24064045-B512-A78E-58FA-D3078184B648}.Release|Any CPU.ActiveCfg = Release|Any CPU
		{24064045-B512-A78E-58FA-D3078184B648}.Release|Any CPU.Build.0 = Release|Any CPU
		{B5D37CF3-A640-0665-3C3D-AA1B90470F8A}.Debug|Any CPU.ActiveCfg = Debug|Any CPU
		{B5D37CF3-A640-0665-3C3D-AA1B90470F8A}.Debug|Any CPU.Build.0 = Debug|Any CPU
		{B5D37CF3-A640-0665-3C3D-AA1B90470F8A}.Release|Any CPU.ActiveCfg = Release|Any CPU
		{B5D37CF3-A640-0665-3C3D-AA1B90470F8A}.Release|Any CPU.Build.0 = Release|Any CPU
		{C6378FC0-C885-364C-55B6-D48E22F3FF6B}.Debug|Any CPU.ActiveCfg = Debug|Any CPU
		{C6378FC0-C885-364C-55B6-D48E22F3FF6B}.Debug|Any CPU.Build.0 = Debug|Any CPU
		{C6378FC0-C885-364C-55B6-D48E22F3FF6B}.Release|Any CPU.ActiveCfg = Release|Any CPU
		{C6378FC0-C885-364C-55B6-D48E22F3FF6B}.Release|Any CPU.Build.0 = Release|Any CPU
		{CED6866E-6530-AB99-DB99-F0994FDB506F}.Debug|Any CPU.ActiveCfg = Debug|Any CPU
		{CED6866E-6530-AB99-DB99-F0994FDB506F}.Debug|Any CPU.Build.0 = Debug|Any CPU
		{CED6866E-6530-AB99-DB99-F0994FDB506F}.Release|Any CPU.ActiveCfg = Release|Any CPU
		{CED6866E-6530-AB99-DB99-F0994FDB506F}.Release|Any CPU.Build.0 = Release|Any CPU
		{368256B9-2EEC-CD6A-4199-046342F48587}.Debug|Any CPU.ActiveCfg = Debug|Any CPU
		{368256B9-2EEC-CD6A-4199-046342F48587}.Debug|Any CPU.Build.0 = Debug|Any CPU
		{368256B9-2EEC-CD6A-4199-046342F48587}.Release|Any CPU.ActiveCfg = Release|Any CPU
		{368256B9-2EEC-CD6A-4199-046342F48587}.Release|Any CPU.Build.0 = Release|Any CPU
		{CAEA876B-1058-D28B-6C63-B530D1237819}.Debug|Any CPU.ActiveCfg = Debug|Any CPU
		{CAEA876B-1058-D28B-6C63-B530D1237819}.Debug|Any CPU.Build.0 = Debug|Any CPU
		{CAEA876B-1058-D28B-6C63-B530D1237819}.Release|Any CPU.ActiveCfg = Release|Any CPU
		{CAEA876B-1058-D28B-6C63-B530D1237819}.Release|Any CPU.Build.0 = Release|Any CPU
		{2F27AA3F-7B03-7A2B-DCB4-FDA707172F07}.Debug|Any CPU.ActiveCfg = Debug|Any CPU
		{2F27AA3F-7B03-7A2B-DCB4-FDA707172F07}.Debug|Any CPU.Build.0 = Debug|Any CPU
		{2F27AA3F-7B03-7A2B-DCB4-FDA707172F07}.Release|Any CPU.ActiveCfg = Release|Any CPU
		{2F27AA3F-7B03-7A2B-DCB4-FDA707172F07}.Release|Any CPU.Build.0 = Release|Any CPU
		{658E28C9-BE5D-D0DB-E15E-ECD089999B14}.Debug|Any CPU.ActiveCfg = Debug|Any CPU
		{658E28C9-BE5D-D0DB-E15E-ECD089999B14}.Debug|Any CPU.Build.0 = Debug|Any CPU
		{658E28C9-BE5D-D0DB-E15E-ECD089999B14}.Release|Any CPU.ActiveCfg = Release|Any CPU
		{658E28C9-BE5D-D0DB-E15E-ECD089999B14}.Release|Any CPU.Build.0 = Release|Any CPU
		{4C9B86AE-31D0-0D11-6BB8-15FA7EABD068}.Debug|Any CPU.ActiveCfg = Debug|Any CPU
		{4C9B86AE-31D0-0D11-6BB8-15FA7EABD068}.Debug|Any CPU.Build.0 = Debug|Any CPU
		{4C9B86AE-31D0-0D11-6BB8-15FA7EABD068}.Release|Any CPU.ActiveCfg = Release|Any CPU
		{4C9B86AE-31D0-0D11-6BB8-15FA7EABD068}.Release|Any CPU.Build.0 = Release|Any CPU
		{FC51551D-FBC3-821C-4FF7-C085466DB8AF}.Debug|Any CPU.ActiveCfg = Debug|Any CPU
		{FC51551D-FBC3-821C-4FF7-C085466DB8AF}.Debug|Any CPU.Build.0 = Debug|Any CPU
		{FC51551D-FBC3-821C-4FF7-C085466DB8AF}.Release|Any CPU.ActiveCfg = Release|Any CPU
		{FC51551D-FBC3-821C-4FF7-C085466DB8AF}.Release|Any CPU.Build.0 = Release|Any CPU
		{5104E773-AE81-6FF2-7970-D87EFEDEE5B4}.Debug|Any CPU.ActiveCfg = Debug|Any CPU
		{5104E773-AE81-6FF2-7970-D87EFEDEE5B4}.Debug|Any CPU.Build.0 = Debug|Any CPU
		{5104E773-AE81-6FF2-7970-D87EFEDEE5B4}.Release|Any CPU.ActiveCfg = Release|Any CPU
		{5104E773-AE81-6FF2-7970-D87EFEDEE5B4}.Release|Any CPU.Build.0 = Release|Any CPU
		{2424B62A-023F-C58A-BC24-490218521523}.Debug|Any CPU.ActiveCfg = Debug|Any CPU
		{2424B62A-023F-C58A-BC24-490218521523}.Debug|Any CPU.Build.0 = Debug|Any CPU
		{2424B62A-023F-C58A-BC24-490218521523}.Release|Any CPU.ActiveCfg = Release|Any CPU
		{2424B62A-023F-C58A-BC24-490218521523}.Release|Any CPU.Build.0 = Release|Any CPU
		{B20C1759-F292-B494-F08C-B406DBD48794}.Debug|Any CPU.ActiveCfg = Debug|Any CPU
		{B20C1759-F292-B494-F08C-B406DBD48794}.Debug|Any CPU.Build.0 = Debug|Any CPU
		{B20C1759-F292-B494-F08C-B406DBD48794}.Release|Any CPU.ActiveCfg = Release|Any CPU
		{B20C1759-F292-B494-F08C-B406DBD48794}.Release|Any CPU.Build.0 = Release|Any CPU
		{3FB57217-BAB2-20F3-74FA-B8609D736B01}.Debug|Any CPU.ActiveCfg = Debug|Any CPU
		{3FB57217-BAB2-20F3-74FA-B8609D736B01}.Debug|Any CPU.Build.0 = Debug|Any CPU
		{3FB57217-BAB2-20F3-74FA-B8609D736B01}.Release|Any CPU.ActiveCfg = Release|Any CPU
		{3FB57217-BAB2-20F3-74FA-B8609D736B01}.Release|Any CPU.Build.0 = Release|Any CPU
		{96115EB5-8D3B-EE3F-36F8-82D17F280CEE}.Debug|Any CPU.ActiveCfg = Debug|Any CPU
		{96115EB5-8D3B-EE3F-36F8-82D17F280CEE}.Debug|Any CPU.Build.0 = Debug|Any CPU
		{96115EB5-8D3B-EE3F-36F8-82D17F280CEE}.Release|Any CPU.ActiveCfg = Release|Any CPU
		{96115EB5-8D3B-EE3F-36F8-82D17F280CEE}.Release|Any CPU.Build.0 = Release|Any CPU
		{9D235D7A-0635-24DA-2550-F56D16FF78B3}.Debug|Any CPU.ActiveCfg = Debug|Any CPU
		{9D235D7A-0635-24DA-2550-F56D16FF78B3}.Debug|Any CPU.Build.0 = Debug|Any CPU
		{9D235D7A-0635-24DA-2550-F56D16FF78B3}.Release|Any CPU.ActiveCfg = Release|Any CPU
		{9D235D7A-0635-24DA-2550-F56D16FF78B3}.Release|Any CPU.Build.0 = Release|Any CPU
		{4CC710BD-3019-668A-F7AB-137934C006A6}.Debug|Any CPU.ActiveCfg = Debug|Any CPU
		{4CC710BD-3019-668A-F7AB-137934C006A6}.Debug|Any CPU.Build.0 = Debug|Any CPU
		{4CC710BD-3019-668A-F7AB-137934C006A6}.Release|Any CPU.ActiveCfg = Release|Any CPU
		{4CC710BD-3019-668A-F7AB-137934C006A6}.Release|Any CPU.Build.0 = Release|Any CPU
		{E1E2EBB9-F1C4-776C-E74A-2EF5225BD656}.Debug|Any CPU.ActiveCfg = Debug|Any CPU
		{E1E2EBB9-F1C4-776C-E74A-2EF5225BD656}.Debug|Any CPU.Build.0 = Debug|Any CPU
		{E1E2EBB9-F1C4-776C-E74A-2EF5225BD656}.Release|Any CPU.ActiveCfg = Release|Any CPU
		{E1E2EBB9-F1C4-776C-E74A-2EF5225BD656}.Release|Any CPU.Build.0 = Release|Any CPU
		{26138404-2DDF-8006-EC65-D7ECEA2622CC}.Debug|Any CPU.ActiveCfg = Debug|Any CPU
		{26138404-2DDF-8006-EC65-D7ECEA2622CC}.Debug|Any CPU.Build.0 = Debug|Any CPU
		{26138404-2DDF-8006-EC65-D7ECEA2622CC}.Release|Any CPU.ActiveCfg = Release|Any CPU
		{26138404-2DDF-8006-EC65-D7ECEA2622CC}.Release|Any CPU.Build.0 = Release|Any CPU
		{CBE45167-5616-82B6-9C6E-EF019744344C}.Debug|Any CPU.ActiveCfg = Debug|Any CPU
		{CBE45167-5616-82B6-9C6E-EF019744344C}.Debug|Any CPU.Build.0 = Debug|Any CPU
		{CBE45167-5616-82B6-9C6E-EF019744344C}.Release|Any CPU.ActiveCfg = Release|Any CPU
		{CBE45167-5616-82B6-9C6E-EF019744344C}.Release|Any CPU.Build.0 = Release|Any CPU
		{AFBA8953-F3BA-60E0-B7F0-E55219FF67DC}.Debug|Any CPU.ActiveCfg = Debug|Any CPU
		{AFBA8953-F3BA-60E0-B7F0-E55219FF67DC}.Debug|Any CPU.Build.0 = Debug|Any CPU
		{AFBA8953-F3BA-60E0-B7F0-E55219FF67DC}.Release|Any CPU.ActiveCfg = Release|Any CPU
		{AFBA8953-F3BA-60E0-B7F0-E55219FF67DC}.Release|Any CPU.Build.0 = Release|Any CPU
		{3C8A7DB2-AC9B-F364-2F44-BB0B0A6C5914}.Debug|Any CPU.ActiveCfg = Debug|Any CPU
		{3C8A7DB2-AC9B-F364-2F44-BB0B0A6C5914}.Debug|Any CPU.Build.0 = Debug|Any CPU
		{3C8A7DB2-AC9B-F364-2F44-BB0B0A6C5914}.Release|Any CPU.ActiveCfg = Release|Any CPU
		{3C8A7DB2-AC9B-F364-2F44-BB0B0A6C5914}.Release|Any CPU.Build.0 = Release|Any CPU
		{0AE4D75E-BBD8-27ED-2B5C-B73C883EC56D}.Debug|Any CPU.ActiveCfg = Debug|Any CPU
		{0AE4D75E-BBD8-27ED-2B5C-B73C883EC56D}.Debug|Any CPU.Build.0 = Debug|Any CPU
		{0AE4D75E-BBD8-27ED-2B5C-B73C883EC56D}.Release|Any CPU.ActiveCfg = Release|Any CPU
		{0AE4D75E-BBD8-27ED-2B5C-B73C883EC56D}.Release|Any CPU.Build.0 = Release|Any CPU
		{5742E9BC-7B30-BCE5-6365-6F708478C304}.Debug|Any CPU.ActiveCfg = Debug|Any CPU
		{5742E9BC-7B30-BCE5-6365-6F708478C304}.Debug|Any CPU.Build.0 = Debug|Any CPU
		{5742E9BC-7B30-BCE5-6365-6F708478C304}.Release|Any CPU.ActiveCfg = Release|Any CPU
		{5742E9BC-7B30-BCE5-6365-6F708478C304}.Release|Any CPU.Build.0 = Release|Any CPU
		{DFD8A22A-4102-1F52-C067-436DE473A3DB}.Debug|Any CPU.ActiveCfg = Debug|Any CPU
		{DFD8A22A-4102-1F52-C067-436DE473A3DB}.Debug|Any CPU.Build.0 = Debug|Any CPU
		{DFD8A22A-4102-1F52-C067-436DE473A3DB}.Release|Any CPU.ActiveCfg = Release|Any CPU
		{DFD8A22A-4102-1F52-C067-436DE473A3DB}.Release|Any CPU.Build.0 = Release|Any CPU
		{3E65EA12-4246-463A-76B8-CC30586BB322}.Debug|Any CPU.ActiveCfg = Debug|Any CPU
		{3E65EA12-4246-463A-76B8-CC30586BB322}.Debug|Any CPU.Build.0 = Debug|Any CPU
		{3E65EA12-4246-463A-76B8-CC30586BB322}.Release|Any CPU.ActiveCfg = Release|Any CPU
		{3E65EA12-4246-463A-76B8-CC30586BB322}.Release|Any CPU.Build.0 = Release|Any CPU
		{730B64DB-1103-102F-5F7F-58BF890AE85B}.Debug|Any CPU.ActiveCfg = Debug|Any CPU
		{730B64DB-1103-102F-5F7F-58BF890AE85B}.Debug|Any CPU.Build.0 = Debug|Any CPU
		{730B64DB-1103-102F-5F7F-58BF890AE85B}.Release|Any CPU.ActiveCfg = Release|Any CPU
		{730B64DB-1103-102F-5F7F-58BF890AE85B}.Release|Any CPU.Build.0 = Release|Any CPU
		{98B16748-9A94-844F-5E00-FDB595DFFEF5}.Debug|Any CPU.ActiveCfg = Debug|Any CPU
		{98B16748-9A94-844F-5E00-FDB595DFFEF5}.Debug|Any CPU.Build.0 = Debug|Any CPU
		{98B16748-9A94-844F-5E00-FDB595DFFEF5}.Release|Any CPU.ActiveCfg = Release|Any CPU
		{98B16748-9A94-844F-5E00-FDB595DFFEF5}.Release|Any CPU.Build.0 = Release|Any CPU
		{BD60A345-EB68-1D30-84BF-D46766A6E066}.Debug|Any CPU.ActiveCfg = Debug|Any CPU
		{BD60A345-EB68-1D30-84BF-D46766A6E066}.Debug|Any CPU.Build.0 = Debug|Any CPU
		{BD60A345-EB68-1D30-84BF-D46766A6E066}.Release|Any CPU.ActiveCfg = Release|Any CPU
		{BD60A345-EB68-1D30-84BF-D46766A6E066}.Release|Any CPU.Build.0 = Release|Any CPU
		{608717F6-1603-3DD7-686E-79242F007DE8}.Debug|Any CPU.ActiveCfg = Debug|Any CPU
		{608717F6-1603-3DD7-686E-79242F007DE8}.Debug|Any CPU.Build.0 = Debug|Any CPU
		{608717F6-1603-3DD7-686E-79242F007DE8}.Release|Any CPU.ActiveCfg = Release|Any CPU
		{608717F6-1603-3DD7-686E-79242F007DE8}.Release|Any CPU.Build.0 = Release|Any CPU
		{B21D62A2-FBBD-9E9B-A7E5-8F4D16DDD236}.Debug|Any CPU.ActiveCfg = Debug|Any CPU
		{B21D62A2-FBBD-9E9B-A7E5-8F4D16DDD236}.Debug|Any CPU.Build.0 = Debug|Any CPU
		{B21D62A2-FBBD-9E9B-A7E5-8F4D16DDD236}.Release|Any CPU.ActiveCfg = Release|Any CPU
		{B21D62A2-FBBD-9E9B-A7E5-8F4D16DDD236}.Release|Any CPU.Build.0 = Release|Any CPU
		{D7E4CBF0-CAE4-93DA-74B7-9DF7852FE46B}.Debug|Any CPU.ActiveCfg = Debug|Any CPU
		{D7E4CBF0-CAE4-93DA-74B7-9DF7852FE46B}.Debug|Any CPU.Build.0 = Debug|Any CPU
		{D7E4CBF0-CAE4-93DA-74B7-9DF7852FE46B}.Release|Any CPU.ActiveCfg = Release|Any CPU
		{D7E4CBF0-CAE4-93DA-74B7-9DF7852FE46B}.Release|Any CPU.Build.0 = Release|Any CPU
		{D0EB6311-D2C9-B7D5-2A7F-935E4D5CBFFD}.Debug|Any CPU.ActiveCfg = Debug|Any CPU
		{D0EB6311-D2C9-B7D5-2A7F-935E4D5CBFFD}.Debug|Any CPU.Build.0 = Debug|Any CPU
		{D0EB6311-D2C9-B7D5-2A7F-935E4D5CBFFD}.Release|Any CPU.ActiveCfg = Release|Any CPU
		{D0EB6311-D2C9-B7D5-2A7F-935E4D5CBFFD}.Release|Any CPU.Build.0 = Release|Any CPU
		{4B3DECC9-A3A9-0C84-670F-729AFFF41AF4}.Debug|Any CPU.ActiveCfg = Debug|Any CPU
		{4B3DECC9-A3A9-0C84-670F-729AFFF41AF4}.Debug|Any CPU.Build.0 = Debug|Any CPU
		{4B3DECC9-A3A9-0C84-670F-729AFFF41AF4}.Release|Any CPU.ActiveCfg = Release|Any CPU
		{4B3DECC9-A3A9-0C84-670F-729AFFF41AF4}.Release|Any CPU.Build.0 = Release|Any CPU
		{CE9FF30D-4EE7-FDC7-9360-D91DBFC702A8}.Debug|Any CPU.ActiveCfg = Debug|Any CPU
		{CE9FF30D-4EE7-FDC7-9360-D91DBFC702A8}.Debug|Any CPU.Build.0 = Debug|Any CPU
		{CE9FF30D-4EE7-FDC7-9360-D91DBFC702A8}.Release|Any CPU.ActiveCfg = Release|Any CPU
		{CE9FF30D-4EE7-FDC7-9360-D91DBFC702A8}.Release|Any CPU.Build.0 = Release|Any CPU
		{D8FD4C7F-0484-1E16-456A-2214F3884F62}.Debug|Any CPU.ActiveCfg = Debug|Any CPU
		{D8FD4C7F-0484-1E16-456A-2214F3884F62}.Debug|Any CPU.Build.0 = Debug|Any CPU
		{D8FD4C7F-0484-1E16-456A-2214F3884F62}.Release|Any CPU.ActiveCfg = Release|Any CPU
		{D8FD4C7F-0484-1E16-456A-2214F3884F62}.Release|Any CPU.Build.0 = Release|Any CPU
	EndGlobalSection
	GlobalSection(SolutionProperties) = preSolution
		HideSolutionNode = FALSE
	EndGlobalSection
EndGlobal
